
Microsoft Visual Studio Solution File, Format Version 12.00
# Visual Studio Version 17
VisualStudioVersion = 17.3.32901.215
MinimumVisualStudioVersion = 10.0.40219.1
Project("{FAE04EC0-301F-11D3-BF4B-00C04F79EFBC}") = "WideWorldImporters.API", "WideWorldImporters.API.csproj", "{6BDFF64B-609F-4B32-9C8B-A24CC358AE31}"
EndProject
Project("{FAE04EC0-301F-11D3-BF4B-00C04F79EFBC}") = "WideWorldImporters.API.UnitTests", "..\WideWorldImporters.API.UnitTests\WideWorldImporters.API.UnitTests.csproj", "{76B05BFD-26B3-4B2F-A346-B7F58E17D47A}"
EndProject
Project("{FAE04EC0-301F-11D3-BF4B-00C04F79EFBC}") = "WideWorldImporters.API.IntegrationTests", "..\WideWorldImporters.API.IntegrationTests\WideWorldImporters.API.IntegrationTests.csproj", "{3D008C33-6DF0-4179-AEC4-54B6682788A9}"
EndProject
Global
	GlobalSection(SolutionConfigurationPlatforms) = preSolution
		Debug|Any CPU = Debug|Any CPU
		Release|Any CPU = Release|Any CPU
	EndGlobalSection
	GlobalSection(ProjectConfigurationPlatforms) = postSolution
		{6BDFF64B-609F-4B32-9C8B-A24CC358AE31}.Debug|Any CPU.ActiveCfg = Debug|Any CPU
		{6BDFF64B-609F-4B32-9C8B-A24CC358AE31}.Debug|Any CPU.Build.0 = Debug|Any CPU
		{6BDFF64B-609F-4B32-9C8B-A24CC358AE31}.Release|Any CPU.ActiveCfg = Release|Any CPU
		{6BDFF64B-609F-4B32-9C8B-A24CC358AE31}.Release|Any CPU.Build.0 = Release|Any CPU
		{76B05BFD-26B3-4B2F-A346-B7F58E17D47A}.Debug|Any CPU.ActiveCfg = Debug|Any CPU
		{76B05BFD-26B3-4B2F-A346-B7F58E17D47A}.Debug|Any CPU.Build.0 = Debug|Any CPU
		{76B05BFD-26B3-4B2F-A346-B7F58E17D47A}.Release|Any CPU.ActiveCfg = Release|Any CPU
		{76B05BFD-26B3-4B2F-A346-B7F58E17D47A}.Release|Any CPU.Build.0 = Release|Any CPU
		{3D008C33-6DF0-4179-AEC4-54B6682788A9}.Debug|Any CPU.ActiveCfg = Debug|Any CPU
		{3D008C33-6DF0-4179-AEC4-54B6682788A9}.Debug|Any CPU.Build.0 = Debug|Any CPU
		{3D008C33-6DF0-4179-AEC4-54B6682788A9}.Release|Any CPU.ActiveCfg = Release|Any CPU
		{3D008C33-6DF0-4179-AEC4-54B6682788A9}.Release|Any CPU.Build.0 = Release|Any CPU
	EndGlobalSection
	GlobalSection(SolutionProperties) = preSolution
		HideSolutionNode = FALSE
	EndGlobalSection
	GlobalSection(ExtensibilityGlobals) = postSolution
		SolutionGuid = {03A50E2D-372F-46AC-8094-DC89A161133E}
	EndGlobalSection
EndGlobal
